
Microsoft Visual Studio Solution File, Format Version 12.00
# Visual Studio 15
VisualStudioVersion = 15.0.27703.2000
MinimumVisualStudioVersion = 10.0.40219.1
Project("{FAE04EC0-301F-11D3-BF4B-00C04F79EFBC}") = "WebAppLambda", "WebAppLambda\WebAppLambda.csproj", "{AFF9B9D9-9B37-4B93-A406-F13362006998}"
EndProject
Global
	GlobalSection(SolutionConfigurationPlatforms) = preSolution
		Debug|Any CPU = Debug|Any CPU
		Release|Any CPU = Release|Any CPU
	EndGlobalSection
	GlobalSection(ProjectConfigurationPlatforms) = postSolution
		{AFF9B9D9-9B37-4B93-A406-F13362006998}.Debug|Any CPU.ActiveCfg = Debug|Any CPU
		{AFF9B9D9-9B37-4B93-A406-F13362006998}.Debug|Any CPU.Build.0 = Debug|Any CPU
		{AFF9B9D9-9B37-4B93-A406-F13362006998}.Release|Any CPU.ActiveCfg = Release|Any CPU
		{AFF9B9D9-9B37-4B93-A406-F13362006998}.Release|Any CPU.Build.0 = Release|Any CPU
	EndGlobalSection
	GlobalSection(SolutionProperties) = preSolution
		HideSolutionNode = FALSE
	EndGlobalSection
	GlobalSection(ExtensibilityGlobals) = postSolution
		SolutionGuid = {EE90EF2F-4495-4B8F-BF93-BB182130FD84}
	EndGlobalSection
EndGlobal
